{
  "version": "8",
  "dialect": "postgres",
  "id": "bce4a94e-d253-4143-8d8d-3842bd057edd",
  "prevIds": [
    "00000000-0000-0000-0000-000000000000"
  ],
  "ddl": [
    {
      "isRlsEnabled": false,
      "name": "leaderboard",
      "entityType": "tables",
      "schema": "public"
    },
    {
      "type": "serial",
      "typeSchema": null,
      "notNull": true,
      "dimensions": 0,
      "default": null,
      "generated": null,
      "identity": null,
      "name": "id",
      "entityType": "columns",
      "schema": "public",
      "table": "leaderboard"
    },
    {
      "type": "text",
      "typeSchema": null,
      "notNull": true,
      "dimensions": 0,
      "default": null,
      "generated": null,
      "identity": null,
      "name": "player_name",
      "entityType": "columns",
      "schema": "public",
      "table": "leaderboard"
    },
    {
      "type": "integer",
      "typeSchema": null,
      "notNull": true,
      "dimensions": 0,
      "default": null,
      "generated": null,
      "identity": null,
      "name": "score",
      "entityType": "columns",
      "schema": "public",
      "table": "leaderboard"
    },
    {
      "type": "integer",
      "typeSchema": null,
      "notNull": true,
      "dimensions": 0,
      "default": null,
      "generated": null,
      "identity": null,
      "name": "wave_reached",
      "entityType": "columns",
      "schema": "public",
      "table": "leaderboard"
    },
    {
      "type": "timestamp",
      "typeSchema": null,
      "notNull": false,
      "dimensions": 0,
      "default": "now()",
      "generated": null,
      "identity": null,
      "name": "created_at",
      "entityType": "columns",
      "schema": "public",
      "table": "leaderboard"
    },
    {
      "columns": [
        "id"
      ],
      "nameExplicit": false,
      "name": "leaderboard_pkey",
      "schema": "public",
      "table": "leaderboard",
      "entityType": "pks"
    }
  ],
  "renames": []
}